
Microsoft Visual Studio Solution File, Format Version 12.00
# Visual Studio Version 17
VisualStudioVersion = 17.4.33110.190
MinimumVisualStudioVersion = 10.0.40219.1
Project("{FAE04EC0-301F-11D3-BF4B-00C04F79EFBC}") = "LineComparisionProblem", "LineComparisionProblem.csproj", "{BF216B83-B6E4-4CAF-8785-CD22CAA263CE}"
EndProject
Global
	GlobalSection(SolutionConfigurationPlatforms) = preSolution
		Debug|Any CPU = Debug|Any CPU
		Release|Any CPU = Release|Any CPU
	EndGlobalSection
	GlobalSection(ProjectConfigurationPlatforms) = postSolution
		{BF216B83-B6E4-4CAF-8785-CD22CAA263CE}.Debug|Any CPU.ActiveCfg = Debug|Any CPU
		{BF216B83-B6E4-4CAF-8785-CD22CAA263CE}.Debug|Any CPU.Build.0 = Debug|Any CPU
		{BF216B83-B6E4-4CAF-8785-CD22CAA263CE}.Release|Any CPU.ActiveCfg = Release|Any CPU
		{BF216B83-B6E4-4CAF-8785-CD22CAA263CE}.Release|Any CPU.Build.0 = Release|Any CPU
	EndGlobalSection
	GlobalSection(SolutionProperties) = preSolution
		HideSolutionNode = FALSE
	EndGlobalSection
	GlobalSection(ExtensibilityGlobals) = postSolution
		SolutionGuid = {C9B69D8B-D276-4991-8B31-618D20F858C0}
	EndGlobalSection
EndGlobal
